
Microsoft Visual Studio Solution File, Format Version 12.00
# Visual Studio 15
VisualStudioVersion = 15.0.28010.2041
MinimumVisualStudioVersion = 10.0.40219.1
Project("{FAE04EC0-301F-11D3-BF4B-00C04F79EFBC}") = "CustomerSec", "CustomerSec\CustomerSec.csproj", "{867B41AB-19CD-4883-B6EF-E405EC778F2D}"
EndProject
Global
	GlobalSection(SolutionConfigurationPlatforms) = preSolution
		Debug|Any CPU = Debug|Any CPU
		Release|Any CPU = Release|Any CPU
	EndGlobalSection
	GlobalSection(ProjectConfigurationPlatforms) = postSolution
		{867B41AB-19CD-4883-B6EF-E405EC778F2D}.Debug|Any CPU.ActiveCfg = Debug|Any CPU
		{867B41AB-19CD-4883-B6EF-E405EC778F2D}.Debug|Any CPU.Build.0 = Debug|Any CPU
		{867B41AB-19CD-4883-B6EF-E405EC778F2D}.Release|Any CPU.ActiveCfg = Release|Any CPU
		{867B41AB-19CD-4883-B6EF-E405EC778F2D}.Release|Any CPU.Build.0 = Release|Any CPU
	EndGlobalSection
	GlobalSection(SolutionProperties) = preSolution
		HideSolutionNode = FALSE
	EndGlobalSection
	GlobalSection(ExtensibilityGlobals) = postSolution
		SolutionGuid = {C8BD947C-1A76-414B-81B5-A918230D4C61}
	EndGlobalSection
EndGlobal
